;skdjf;lkasdjf
asdl;kfj
als;djkf
;laksdjf
kkk
asdf
asdfasdf
asdf
asdf

;skdjf;lkasdjf
;skdjf;lkasdjf
;skdjf;lkasdjf
;skdjf;lkasdjf
;skdjf;lkasdjf
asdl;kfj
als;djkf
;laksdjf
kkk
asdf
asdfasdf
asdf
asdf
asdl;kfj
als;djkf
;laksdjf
kkk
asdf
asdfasdf
asdf
asdf
asdl;kfj
als;djkf
;laksdjf
kkk
asdf
asdfasdf
asdf
asdf
asdl;kfj
als;djkf
;laksdjf
kkk
asdf
asdfasdf
asdf
asdf
asdl;kfj
als;djkf
;laksdjf
kkk
asdf
asdfasdf
asdf
asdf
